Microsoft Visual Studio Solution File, Format Version 12.00
# Visual Studio Version 17
VisualStudioVersion = 17.5.2.0
MinimumVisualStudioVersion = 10.0.40219.1
Project("{2150E333-8FDC-42A3-9474-1A3956D46DE8}") = "skills", "skills", "{B4179A26-5D7C-6D52-AD07-0B3AC1AE5D4D}"
EndProject
Project("{2150E333-8FDC-42A3-9474-1A3956D46DE8}") = "dotnet-solution-setup", "dotnet-solution-setup", "{04B37FAB-FBF7-4D67-3B58-F9FF7BCBCC45}"
EndProject
Project("{2150E333-8FDC-42A3-9474-1A3956D46DE8}") = "templates", "templates", "{36FF4B36-09FD-7C83-BFD8-E685D8ADC326}"
EndProject
Project("{2150E333-8FDC-42A3-9474-1A3956D46DE8}") = "app", "app", "{CC8C8D2A-7180-51CE-4284-B1247656871E}"
EndProject
Project("{FAE04EC0-301F-11D3-BF4B-00C04F79EFBC}") = "console", "skills\dotnet-solution-setup\templates\app\console.csproj", "{39370485-6238-FB19-F248-C44D2E6126C7}"
EndProject
Project("{FAE04EC0-301F-11D3-BF4B-00C04F79EFBC}") = "test", "skills\dotnet-solution-setup\templates\app\test.csproj", "{6C5AA0C0-01F2-2190-23FF-D002D9FFA44D}"
EndProject
Project("{FAE04EC0-301F-11D3-BF4B-00C04F79EFBC}") = "web", "skills\dotnet-solution-setup\templates\app\web.csproj", "{4C110F61-55AB-B2C2-4DCD-E45FA4DD3036}"
EndProject
Project("{FAE04EC0-301F-11D3-BF4B-00C04F79EFBC}") = "worker", "skills\dotnet-solution-setup\templates\app\worker.csproj", "{C9343557-329E-E943-B11F-F8A7FE7514C7}"
EndProject
Project("{2150E333-8FDC-42A3-9474-1A3956D46DE8}") = "library", "library", "{58D8A5ED-7C10-4618-81B4-7746494940CA}"
EndProject
Project("{FAE04EC0-301F-11D3-BF4B-00C04F79EFBC}") = "benchmark", "skills\dotnet-solution-setup\templates\library\benchmark.csproj", "{0DD15FDB-217F-7CC3-C737-5FDF9A4C4F82}"
EndProject
Project("{FAE04EC0-301F-11D3-BF4B-00C04F79EFBC}") = "source", "skills\dotnet-solution-setup\templates\library\source.csproj", "{B7546820-5494-6BC9-FAA9-3FAEB7ED8115}"
EndProject
Project("{FAE04EC0-301F-11D3-BF4B-00C04F79EFBC}") = "test", "skills\dotnet-solution-setup\templates\library\test.csproj", "{30E16054-A3DB-F725-4FDC-8263ECC83C75}"
EndProject
Global
	GlobalSection(SolutionConfigurationPlatforms) = preSolution
		Debug|Any CPU = Debug|Any CPU
		Release|Any CPU = Release|Any CPU
	EndGlobalSection
	GlobalSection(ProjectConfigurationPlatforms) = postSolution
		{39370485-6238-FB19-F248-C44D2E6126C7}.Debug|Any CPU.ActiveCfg = Debug|Any CPU
		{39370485-6238-FB19-F248-C44D2E6126C7}.Debug|Any CPU.Build.0 = Debug|Any CPU
		{39370485-6238-FB19-F248-C44D2E6126C7}.Release|Any CPU.ActiveCfg = Release|Any CPU
		{39370485-6238-FB19-F248-C44D2E6126C7}.Release|Any CPU.Build.0 = Release|Any CPU
		{6C5AA0C0-01F2-2190-23FF-D002D9FFA44D}.Debug|Any CPU.ActiveCfg = Debug|Any CPU
		{6C5AA0C0-01F2-2190-23FF-D002D9FFA44D}.Debug|Any CPU.Build.0 = Debug|Any CPU
		{6C5AA0C0-01F2-2190-23FF-D002D9FFA44D}.Release|Any CPU.ActiveCfg = Release|Any CPU
		{6C5AA0C0-01F2-2190-23FF-D002D9FFA44D}.Release|Any CPU.Build.0 = Release|Any CPU
		{4C110F61-55AB-B2C2-4DCD-E45FA4DD3036}.Debug|Any CPU.ActiveCfg = Debug|Any CPU
		{4C110F61-55AB-B2C2-4DCD-E45FA4DD3036}.Debug|Any CPU.Build.0 = Debug|Any CPU
		{4C110F61-55AB-B2C2-4DCD-E45FA4DD3036}.Release|Any CPU.ActiveCfg = Release|Any CPU
		{4C110F61-55AB-B2C2-4DCD-E45FA4DD3036}.Release|Any CPU.Build.0 = Release|Any CPU
		{C9343557-329E-E943-B11F-F8A7FE7514C7}.Debug|Any CPU.ActiveCfg = Debug|Any CPU
		{C9343557-329E-E943-B11F-F8A7FE7514C7}.Debug|Any CPU.Build.0 = Debug|Any CPU
		{C9343557-329E-E943-B11F-F8A7FE7514C7}.Release|Any CPU.ActiveCfg = Release|Any CPU
		{C9343557-329E-E943-B11F-F8A7FE7514C7}.Release|Any CPU.Build.0 = Release|Any CPU
		{0DD15FDB-217F-7CC3-C737-5FDF9A4C4F82}.Debug|Any CPU.ActiveCfg = Debug|Any CPU
		{0DD15FDB-217F-7CC3-C737-5FDF9A4C4F82}.Debug|Any CPU.Build.0 = Debug|Any CPU
		{0DD15FDB-217F-7CC3-C737-5FDF9A4C4F82}.Release|Any CPU.ActiveCfg = Release|Any CPU
		{0DD15FDB-217F-7CC3-C737-5FDF9A4C4F82}.Release|Any CPU.Build.0 = Release|Any CPU
		{B7546820-5494-6BC9-FAA9-3FAEB7ED8115}.Debug|Any CPU.ActiveCfg = Debug|Any CPU
		{B7546820-5494-6BC9-FAA9-3FAEB7ED8115}.Debug|Any CPU.Build.0 = Debug|Any CPU
		{B7546820-5494-6BC9-FAA9-3FAEB7ED8115}.Release|Any CPU.ActiveCfg = Release|Any CPU
		{B7546820-5494-6BC9-FAA9-3FAEB7ED8115}.Release|Any CPU.Build.0 = Release|Any CPU
		{30E16054-A3DB-F725-4FDC-8263ECC83C75}.Debug|Any CPU.ActiveCfg = Debug|Any CPU
		{30E16054-A3DB-F725-4FDC-8263ECC83C75}.Debug|Any CPU.Build.0 = Debug|Any CPU
		{30E16054-A3DB-F725-4FDC-8263ECC83C75}.Release|Any CPU.ActiveCfg = Release|Any CPU
		{30E16054-A3DB-F725-4FDC-8263ECC83C75}.Release|Any CPU.Build.0 = Release|Any CPU
	EndGlobalSection
	GlobalSection(SolutionProperties) = preSolution
		HideSolutionNode = FALSE
	EndGlobalSection
	GlobalSection(NestedProjects) = preSolution
		{04B37FAB-FBF7-4D67-3B58-F9FF7BCBCC45} = {B4179A26-5D7C-6D52-AD07-0B3AC1AE5D4D}
		{36FF4B36-09FD-7C83-BFD8-E685D8ADC326} = {04B37FAB-FBF7-4D67-3B58-F9FF7BCBCC45}
		{CC8C8D2A-7180-51CE-4284-B1247656871E} = {36FF4B36-09FD-7C83-BFD8-E685D8ADC326}
		{39370485-6238-FB19-F248-C44D2E6126C7} = {CC8C8D2A-7180-51CE-4284-B1247656871E}
		{6C5AA0C0-01F2-2190-23FF-D002D9FFA44D} = {CC8C8D2A-7180-51CE-4284-B1247656871E}
		{4C110F61-55AB-B2C2-4DCD-E45FA4DD3036} = {CC8C8D2A-7180-51CE-4284-B1247656871E}
		{C9343557-329E-E943-B11F-F8A7FE7514C7} = {CC8C8D2A-7180-51CE-4284-B1247656871E}
		{58D8A5ED-7C10-4618-81B4-7746494940CA} = {36FF4B36-09FD-7C83-BFD8-E685D8ADC326}
		{0DD15FDB-217F-7CC3-C737-5FDF9A4C4F82} = {58D8A5ED-7C10-4618-81B4-7746494940CA}
		{B7546820-5494-6BC9-FAA9-3FAEB7ED8115} = {58D8A5ED-7C10-4618-81B4-7746494940CA}
		{30E16054-A3DB-F725-4FDC-8263ECC83C75} = {58D8A5ED-7C10-4618-81B4-7746494940CA}
	EndGlobalSection
	GlobalSection(ExtensibilityGlobals) = postSolution
		SolutionGuid = {08E880A7-835B-46CC-B121-ADEDCDEB80FB}
	EndGlobalSection
EndGlobal
